// !$*UTF8*$!
{
	archiveVersion = 1;
	classes = {
	};
	objectVersion = 50;
	objects = {

/* Begin PBXBuildFile section */
		A6B75F2325CA8C92006E5840 /* AppDelegate.swift in Sources */ = {isa = PBXBuildFile; fileRef = A6B75F2225CA8C92006E5840 /* AppDelegate.swift */; };
		A6B75F2525CA8C92006E5840 /* SceneDelegate.swift in Sources */ = {isa = PBXBuildFile; fileRef = A6B75F2425CA8C92006E5840 /* SceneDelegate.swift */; };
		A6B75F2A25CA8C92006E5840 /* Main.storyboard in Resources */ = {isa = PBXBuildFile; fileRef = A6B75F2825CA8C92006E5840 /* Main.storyboard */; };
		A6B75F2C25CA8C94006E5840 /* Assets.xcassets in Resources */ = {isa = PBXBuildFile; fileRef = A6B75F2B25CA8C94006E5840 /* Assets.xcassets */; };
		A6B75F2F25CA8C94006E5840 /* LaunchScreen.storyboard in Resources */ = {isa = PBXBuildFile; fileRef = A6B75F2D25CA8C94006E5840 /* LaunchScreen.storyboard */; };
		A6B75F3725CA8D76006E5840 /* SpeakTableViewController.swift in Sources */ = {isa = PBXBuildFile; fileRef = A6B75F3625CA8D76006E5840 /* SpeakTableViewController.swift */; };
/* End PBXBuildFile section */

/* Begin PBXFileReference section */
		A6B75F1F25CA8C92006E5840 /* SpeakTable.app */ = {isa = PBXFileReference; explicitFileType = wrapper.application; includeInIndex = 0; path = SpeakTable.app; sourceTree = BUILT_PRODUCTS_DIR; };
		A6B75F2225CA8C92006E5840 /* AppDelegate.swift */ = {isa = PBXFileReference; lastKnownFileType = sourcecode.swift; path = AppDelegate.swift; sourceTree = "<group>"; };
		A6B75F2425CA8C92006E5840 /* SceneDelegate.swift */ = {isa = PBXFileReference; lastKnownFileType = sourcecode.swift; path = SceneDelegate.swift; sourceTree = "<group>"; };
		A6B75F2925CA8C92006E5840 /* Base */ = {isa = PBXFileReference; lastKnownFileType = file.storyboard; name = Base; path = Base.lproj/Main.storyboard; sourceTree = "<group>"; };
		A6B75F2B25CA8C94006E5840 /* Assets.xcassets */ = {isa = PBXFileReference; lastKnownFileType = folder.assetcatalog; path = Assets.xcassets; sourceTree = "<group>"; };
		A6B75F2E25CA8C94006E5840 /* Base */ = {isa = PBXFileReference; lastKnownFileType = file.storyboard; name = Base; path = Base.lproj/LaunchScreen.storyboard; sourceTree = "<group>"; };
		A6B75F3025CA8C94006E5840 /* Info.plist */ = {isa = PBXFileReference; lastKnownFileType = text.plist.xml; path = Info.plist; sourceTree = "<group>"; };
		A6B75F3625CA8D76006E5840 /* SpeakTableViewController.swift */ = {isa = PBXFileReference; lastKnownFileType = sourcecode.swift; path = SpeakTableViewController.swift; sourceTree = "<group>"; };
/* End PBXFileReference section */

/* Begin PBXFrameworksBuildPhase section */
		A6B75F1C25CA8C92006E5840 /* Frameworks */ = {
			isa = PBXFrameworksBuildPhase;
			buildActionMask = 2147483647;
			files = (
			);
			runOnlyForDeploymentPostprocessing = 0;
		};
/* End PBXFrameworksBuildPhase section */

/* Begin PBXGroup section */
		A6B75F1625CA8C92006E5840 = {
			isa = PBXGroup;
			children = (
				A6B75F2125CA8C92006E5840 /* SpeakTable */,
				A6B75F2025CA8C92006E5840 /* Products */,
			);
			sourceTree = "<group>";
		};
		A6B75F2025CA8C92006E5840 /* Products */ = {
			isa = PBXGroup;
			children = (
				A6B75F1F25CA8C92006E5840 /* SpeakTable.app */,
			);
			name = Products;
			sourceTree = "<group>";
		};
		A6B75F2125CA8C92006E5840 /* SpeakTable */ = {
			isa = PBXGroup;
			children = (
				A6B75F2225CA8C92006E5840 /* AppDelegate.swift */,
				A6B75F2425CA8C92006E5840 /* SceneDelegate.swift */,
				A6B75F2825CA8C92006E5840 /* Main.storyboard */,
				A6B75F3625CA8D76006E5840 /* SpeakTableViewController.swift */,
				A6B75F2B25CA8C94006E5840 /* Assets.xcassets */,
				A6B75F2D25CA8C94006E5840 /* LaunchScreen.storyboard */,
				A6B75F3025CA8C94006E5840 /* Info.plist */,
			);
			path = SpeakTable;
			sourceTree = "<group>";
		};
/* End PBXGroup section */

/* Begin PBXNativeTarget section */
		A6B75F1E25CA8C92006E5840 /* SpeakTable */ = {
			isa = PBXNativeTarget;
			buildConfigurationList = A6B75F3325CA8C94006E5840 /* Build configuration list for PBXNativeTarget "SpeakTable" */;
			buildPhases = (
				A6B75F1B25CA8C92006E5840 /* Sources */,
				A6B75F1C25CA8C92006E5840 /* Frameworks */,
				A6B75F1D25CA8C92006E5840 /* Resources */,
			);
			buildRules = (
			);
			dependencies = (
			);
			name = SpeakTable;
			productName = SpeakTable;
			productReference = A6B75F1F25CA8C92006E5840 /* SpeakTable.app */;
			productType = "com.apple.product-type.application";
		};
/* End PBXNativeTarget section */

/* Begin PBXProject section */
		A6B75F1725CA8C92006E5840 /* Project object */ = {
			isa = PBXProject;
			attributes = {
				LastSwiftUpdateCheck = 1250;
				LastUpgradeCheck = 1250;
				TargetAttributes = {
					A6B75F1E25CA8C92006E5840 = {
						CreatedOnToolsVersion = 12.5;
					};
				};
			};
			buildConfigurationList = A6B75F1A25CA8C92006E5840 /* Build configuration list for PBXProject "SpeakTable" */;
			compatibilityVersion = "Xcode 9.3";
			developmentRegion = en;
			hasScannedForEncodings = 0;
			knownRegions = (
				en,
				Base,
			);
			mainGroup = A6B75F1625CA8C92006E5840;
			productRefGroup = A6B75F2025CA8C92006E5840 /* Products */;
			projectDirPath = "";
			projectRoot = "";
			targets = (
				A6B75F1E25CA8C92006E5840 /* SpeakTable */,
			);
		};
/* End PBXProject section */

/* Begin PBXResourcesBuildPhase section */
		A6B75F1D25CA8C92006E5840 /* Resources */ = {
			isa = PBXResourcesBuildPhase;
			buildActionMask = 2147483647;
			files = (
				A6B75F2F25CA8C94006E5840 /* LaunchScreen.storyboard in Resources */,
				A6B75F2C25CA8C94006E5840 /* Assets.xcassets in Resources */,
				A6B75F2A25CA8C92006E5840 /* Main.storyboard in Resources */,
			);
			runOnlyForDeploymentPostprocessing = 0;
		};
/* End PBXResourcesBuildPhase section */

/* Begin PBXSourcesBuildPhase section */
		A6B75F1B25CA8C92006E5840 /* Sources */ = {
			isa = PBXSourcesBuildPhase;
			buildActionMask = 2147483647;
			files = (
				A6B75F3725CA8D76006E5840 /* SpeakTableViewController.swift in Sources */,
				A6B75F2325CA8C92006E5840 /* AppDelegate.swift in Sources */,
				A6B75F2525CA8C92006E5840 /* SceneDelegate.swift in Sources */,
			);
			runOnlyForDeploymentPostprocessing = 0;
		};
/* End PBXSourcesBuildPhase section */

/* Begin PBXVariantGroup section */
		A6B75F2825CA8C92006E5840 /* Main.storyboard */ = {
			isa = PBXVariantGroup;
			children = (
				A6B75F2925CA8C92006E5840 /* Base */,
			);
			name = Main.storyboard;
			sourceTree = "<group>";
		};
		A6B75F2D25CA8C94006E5840 /* LaunchScreen.storyboard */ = {
			isa = PBXVariantGroup;
			children = (
				A6B75F2E25CA8C94006E5840 /* Base */,
			);
			name = LaunchScreen.storyboard;
			sourceTree = "<group>";
		};
/* End PBXVariantGroup section */

/* Begin XCBuildConfiguration section */
		A6B75F3125CA8C94006E5840 /* Debug */ = {
			isa = XCBuildConfiguration;
			buildSettings = {
				ALWAYS_SEARCH_USER_PATHS = NO;
				CLANG_ANALYZER_NONNULL = YES;
				CLANG_ANALYZER_NUMBER_OBJECT_CONVERSION = YES_AGGRESSIVE;
				CLANG_CXX_LANGUAGE_STANDARD = "gnu++14";
				CLANG_CXX_LIBRARY = "libc++";
				CLANG_ENABLE_MODULES = YES;
				CLANG_ENABLE_OBJC_ARC = YES;
				CLANG_ENABLE_OBJC_WEAK = YES;
				CLANG_WARN_BLOCK_CAPTURE_AUTORELEASING = YES;
				CLANG_WARN_BOOL_CONVERSION = YES;
				CLANG_WARN_COMMA = YES;
				CLANG_WARN_CONSTANT_CONVERSION = YES;
				CLANG_WARN_DEPRECATED_OBJC_IMPLEMENTATIONS = YES;
				CLANG_WARN_DIRECT_OBJC_ISA_USAGE = YES_ERROR;
				CLANG_WARN_DOCUMENTATION_COMMENTS = YES;
				CLANG_WARN_EMPTY_BODY = YES;
				CLANG_WARN_ENUM_CONVERSION = YES;
				CLANG_WARN_INFINITE_RECURSION = YES;
				CLANG_WARN_INT_CONVERSION = YES;
				CLANG_WARN_NON_LITERAL_NULL_CONVERSION = YES;
				CLANG_WARN_OBJC_IMPLICIT_RETAIN_SELF = YES;
				CLANG_WARN_OBJC_LITERAL_CONVERSION = YES;
				CLANG_WARN_OBJC_ROOT_CLASS = YES_ERROR;
				CLANG_WARN_QUOTED_INCLUDE_IN_FRAMEWORK_HEADER = YES;
				CLANG_WARN_RANGE_LOOP_ANALYSIS = YES;
				CLANG_WARN_STRICT_PROTOTYPES = YES;
				CLANG_WARN_SUSPICIOUS_MOVE = YES;
				CLANG_WARN_UNGUARDED_AVAILABILITY = YES_AGGRESSIVE;
				CLANG_WARN_UNREACHABLE_CODE = YES;
				CLANG_WARN__DUPLICATE_METHOD_MATCH = YES;
				COPY_PHASE_STRIP = NO;
				DEBUG_INFORMATION_FORMAT = dwarf;
				ENABLE_STRICT_OBJC_MSGSEND = YES;
				ENABLE_TESTABILITY = YES;
				GCC_C_LANGUAGE_STANDARD = gnu11;
				GCC_DYNAMIC_NO_PIC = NO;
				GCC_NO_COMMON_BLOCKS = YES;
				GCC_OPTIMIZATION_LEVEL = 0;
				GCC_PREPROCESSOR_DEFINITIONS = (
					"DEBUG=1",
					"$(inherited)",
				);
				GCC_WARN_64_TO_32_BIT_CONVERSION = YES;
				GCC_WARN_ABOUT_RETURN_TYPE = YES_ERROR;
				GCC_WARN_UNDECLARED_SELECTOR = YES;
				GCC_WARN_UNINITIALIZED_AUTOS = YES_AGGRESSIVE;
				GCC_WARN_UNUSED_FUNCTION = YES;
				GCC_WARN_UNUSED_VARIABLE = YES;
				IPHONEOS_DEPLOYMENT_TARGET = 14.3;
				MTL_ENABLE_DEBUG_INFO = INCLUDE_SOURCE;
				MTL_FAST_MATH = YES;
				ONLY_ACTIVE_ARCH = YES;
				SDKROOT = iphoneos;
				SWIFT_ACTIVE_COMPILATION_CONDITIONS = DEBUG;
				SWIFT_OPTIMIZATION_LEVEL = "-Onone";
			};
			name = Debug;
		};
		A6B75F3225CA8C94006E5840 /* Release */ = {
			isa = XCBuildConfiguration;
			buildSettings = {
				ALWAYS_SEARCH_USER_PATHS = NO;
				CLANG_ANALYZER_NONNULL = YES;
				CLANG_ANALYZER_NUMBER_OBJECT_CONVERSION = YES_AGGRESSIVE;
				CLANG_CXX_LANGUAGE_STANDARD = "gnu++14";
				CLANG_CXX_LIBRARY = "libc++";
				CLANG_ENABLE_MODULES = YES;
				CLANG_ENABLE_OBJC_ARC = YES;
				CLANG_ENABLE_OBJC_WEAK = YES;
				CLANG_WARN_BLOCK_CAPTURE_AUTORELEASING = YES;
				CLANG_WARN_BOOL_CONVERSION = YES;
				CLANG_WARN_COMMA = YES;
				CLANG_WARN_CONSTANT_CONVERSION = YES;
				CLANG_WARN_DEPRECATED_OBJC_IMPLEMENTATIONS = YES;
				CLANG_WARN_DIRECT_OBJC_ISA_USAGE = YES_ERROR;
				CLANG_WARN_DOCUMENTATION_COMMENTS = YES;
				CLANG_WARN_EMPTY_BODY = YES;
				CLANG_WARN_ENUM_CONVERSION = YES;
				CLANG_WARN_INFINITE_RECURSION = YES;
				CLANG_WARN_INT_CONVERSION = YES;
				CLANG_WARN_NON_LITERAL_NULL_CONVERSION = YES;
				CLANG_WARN_OBJC_IMPLICIT_RETAIN_SELF = YES;
				CLANG_WARN_OBJC_LITERAL_CONVERSION = YES;
				CLANG_WARN_OBJC_ROOT_CLASS = YES_ERROR;
				CLANG_WARN_QUOTED_INCLUDE_IN_FRAMEWORK_HEADER = YES;
				CLANG_WARN_RANGE_LOOP_ANALYSIS = YES;
				CLANG_WARN_STRICT_PROTOTYPES = YES;
				CLANG_WARN_SUSPICIOUS_MOVE = YES;
				CLANG_WARN_UNGUARDED_AVAILABILITY = YES_AGGRESSIVE;
				CLANG_WARN_UNREACHABLE_CODE = YES;
				CLANG_WARN__DUPLICATE_METHOD_MATCH = YES;
				COPY_PHASE_STRIP = NO;
				DEBUG_INFORMATION_FORMAT = "dwarf-with-dsym";
				ENABLE_NS_ASSERTIONS = NO;
				ENABLE_STRICT_OBJC_MSGSEND = YES;
				GCC_C_LANGUAGE_STANDARD = gnu11;
				GCC_NO_COMMON_BLOCKS = YES;
				GCC_WARN_64_TO_32_BIT_CONVERSION = YES;
				GCC_WARN_ABOUT_RETURN_TYPE = YES_ERROR;
				GCC_WARN_UNDECLARED_SELECTOR = YES;
				GCC_WARN_UNINITIALIZED_AUTOS = YES_AGGRESSIVE;
				GCC_WARN_UNUSED_FUNCTION = YES;
				GCC_WARN_UNUSED_VARIABLE = YES;
				IPHONEOS_DEPLOYMENT_TARGET = 14.3;
				MTL_ENABLE_DEBUG_INFO = NO;
				MTL_FAST_MATH = YES;
				SDKROOT = iphoneos;
				SWIFT_COMPILATION_MODE = wholemodule;
				SWIFT_OPTIMIZATION_LEVEL = "-O";
				VALIDATE_PRODUCT = YES;
			};
			name = Release;
		};
		A6B75F3425CA8C94006E5840 /* Debug */ = {
			isa = XCBuildConfiguration;
			buildSettings = {
				ASSETCATALOG_COMPILER_APPICON_NAME = AppIcon;
				ASSETCATALOG_COMPILER_GLOBAL_ACCENT_COLOR_NAME = AccentColor;
				CODE_SIGN_STYLE = Automatic;
				DEVELOPMENT_TEAM = NFJ7DR2Q9C;
				INFOPLIST_FILE = SpeakTable/Info.plist;
				LD_RUNPATH_SEARCH_PATHS = (
					"$(inherited)",
					"@executable_path/Frameworks",
				);
				PRODUCT_BUNDLE_IDENTIFIER = com.peter.SpeakTable;
				PRODUCT_NAME = "$(TARGET_NAME)";
				SWIFT_VERSION = 5.0;
				TARGETED_DEVICE_FAMILY = "1,2";
			};
			name = Debug;
		};
		A6B75F3525CA8C94006E5840 /* Release */ = {
			isa = XCBuildConfiguration;
			buildSettings = {
				ASSETCATALOG_COMPILER_APPICON_NAME = AppIcon;
				ASSETCATALOG_COMPILER_GLOBAL_ACCENT_COLOR_NAME = AccentColor;
				CODE_SIGN_STYLE = Automatic;
				DEVELOPMENT_TEAM = NFJ7DR2Q9C;
				INFOPLIST_FILE = SpeakTable/Info.plist;
				LD_RUNPATH_SEARCH_PATHS = (
					"$(inherited)",
					"@executable_path/Frameworks",
				);
				PRODUCT_BUNDLE_IDENTIFIER = com.peter.SpeakTable;
				PRODUCT_NAME = "$(TARGET_NAME)";
				SWIFT_VERSION = 5.0;
				TARGETED_DEVICE_FAMILY = "1,2";
			};
			name = Release;
		};
/* End XCBuildConfiguration section */

/* Begin XCConfigurationList section */
		A6B75F1A25CA8C92006E5840 /* Build configuration list for PBXProject "SpeakTable" */ = {
			isa = XCConfigurationList;
			buildConfigurations = (
				A6B75F3125CA8C94006E5840 /* Debug */,
				A6B75F3225CA8C94006E5840 /* Release */,
			);
			defaultConfigurationIsVisible = 0;
			defaultConfigurationName = Release;
		};
		A6B75F3325CA8C94006E5840 /* Build configuration list for PBXNativeTarget "SpeakTable" */ = {
			isa = XCConfigurationList;
			buildConfigurations = (
				A6B75F3425CA8C94006E5840 /* Debug */,
				A6B75F3525CA8C94006E5840 /* Release */,
			);
			defaultConfigurationIsVisible = 0;
			defaultConfigurationName = Release;
		};
/* End XCConfigurationList section */
	};
	rootObject = A6B75F1725CA8C92006E5840 /* Project object */;
}
